
Microsoft Visual Studio Solution File, Format Version 12.00
# Visual Studio Version 16
VisualStudioVersion = 16.0.31129.286
MinimumVisualStudioVersion = 10.0.40219.1
Project("{9A19103F-16F7-4668-BE54-9A1E7A4F7556}") = "Web", "Web\Web.csproj", "{91F9ACA7-CD54-43AB-90DC-CE5EBCC2310B}"
EndProject
Project("{9A19103F-16F7-4668-BE54-9A1E7A4F7556}") = "web.Api", "Web.Api\web.Api.csproj", "{F3783D67-0D7D-4B59-B6A7-B83836C89FAA}"
EndProject
Project("{FAE04EC0-301F-11D3-BF4B-00C04F79EFBC}") = "Application", "Application\Application.csproj", "{249557A1-22C9-4E20-91F0-83377BE266EE}"
EndProject
Project("{2150E333-8FDC-42A3-9474-1A3956D46DE8}") = "Libraries", "Libraries", "{1329732E-5EB4-4AF3-94F7-6527BE179602}"
EndProject
Project("{2150E333-8FDC-42A3-9474-1A3956D46DE8}") = "Presentation", "Presentation", "{7BC3DFA5-3D8D-4F70-90AA-CABE1B5501A8}"
EndProject
Project("{2150E333-8FDC-42A3-9474-1A3956D46DE8}") = "Tests", "Tests", "{2FDCC1CD-9303-46B3-B95F-B9855EF4D27F}"
EndProject
Project("{FAE04EC0-301F-11D3-BF4B-00C04F79EFBC}") = "Application.Core", "Application.Core\Application.Core.csproj", "{1863926E-4F98-4B37-8F20-AE1ECFD5FFA3}"
EndProject
Project("{FAE04EC0-301F-11D3-BF4B-00C04F79EFBC}") = "Domain", "Domain\Domain.csproj", "{A7B10D87-0F2E-462B-8B60-5E6BAB2FEBB7}"
EndProject
Project("{FAE04EC0-301F-11D3-BF4B-00C04F79EFBC}") = "Domain.Core", "Domain.Core\Domain.Core.csproj", "{B8F5196A-B24F-455E-A8F7-30EE105D2902}"
EndProject
Project("{FAE04EC0-301F-11D3-BF4B-00C04F79EFBC}") = "Infrastructure.Data", "Infrastructure.Data\Infrastructure.Data.csproj", "{070B1F67-1E5C-468E-88A3-45F09B6565A6}"
EndProject
Project("{FAE04EC0-301F-11D3-BF4B-00C04F79EFBC}") = "Infrastructure.CrossCutting", "Infrastructure.CrossCutting\Infrastructure.CrossCutting.csproj", "{BDEC1B66-1FE7-484B-B222-CC8C7AD0B960}"
EndProject
Project("{2150E333-8FDC-42A3-9474-1A3956D46DE8}") = "1-Application", "1-Application", "{C5FC29CA-B21E-4359-96E0-01034BEA4681}"
EndProject
Project("{2150E333-8FDC-42A3-9474-1A3956D46DE8}") = "2-Infrastructure", "2-Infrastructure", "{95FA901B-7CF1-4592-8DDC-4D0682E5C6E6}"
EndProject
Project("{2150E333-8FDC-42A3-9474-1A3956D46DE8}") = "3-Domain", "3-Domain", "{40AB9151-473B-4697-9A47-B36DE00FDC32}"
EndProject
Project("{FAE04EC0-301F-11D3-BF4B-00C04F79EFBC}") = "Web.Admin", "Web.Admin\Web.Admin.csproj", "{0B2EBB93-ADB7-4FD2-B316-99A8B1587CBC}"
EndProject
Project("{FAE04EC0-301F-11D3-BF4B-00C04F79EFBC}") = "UnitTess.Base", "UnitTess.Base\UnitTess.Base.csproj", "{3E582E58-B838-4624-9F71-3DEBF4B8F713}"
EndProject
Project("{FAE04EC0-301F-11D3-BF4B-00C04F79EFBC}") = "Application.UnitTests", "Application.UnitTests\Application.UnitTests.csproj", "{AAA15591-C114-4A87-8BDA-76573CD4B12D}"
EndProject
Project("{FAE04EC0-301F-11D3-BF4B-00C04F79EFBC}") = "UiTests.Base", "UiTests.Base\UiTests.Base.csproj", "{402F37C4-104A-4930-8EDB-8D6FC6EC6B23}"
EndProject
Project("{FAE04EC0-301F-11D3-BF4B-00C04F79EFBC}") = "Web.UiTests", "Web.UiTests\Web.UiTests.csproj", "{8BAD155F-C95D-47FC-940D-7F66110909CA}"
EndProject
Project("{FAE04EC0-301F-11D3-BF4B-00C04F79EFBC}") = "Web.Admin.UiTests", "Web.Admin.UiTests\Web.Admin.UiTests.csproj", "{04A825EE-0F41-4C36-90DA-5A12E12A3EF8}"
EndProject
Project("{FAE04EC0-301F-11D3-BF4B-00C04F79EFBC}") = "Web.Api.UiTests", "Web.Api.UiTests\Web.Api.UiTests.csproj", "{4FA5D019-6B90-4EA0-8845-6BF4B0AA3FC2}"
EndProject
Project("{2150E333-8FDC-42A3-9474-1A3956D46DE8}") = "UI", "UI", "{2C49CA4A-700D-4D51-B98A-7A95991DB1F6}"
EndProject
Project("{2150E333-8FDC-42A3-9474-1A3956D46DE8}") = "Unit", "Unit", "{9F9729BA-CC4D-42B7-AC8D-F5278DAE10D8}"
EndProject
Global
	GlobalSection(SolutionConfigurationPlatforms) = preSolution
		Debug|Any CPU = Debug|Any CPU
		Release|Any CPU = Release|Any CPU
	EndGlobalSection
	GlobalSection(ProjectConfigurationPlatforms) = postSolution
		{91F9ACA7-CD54-43AB-90DC-CE5EBCC2310B}.Debug|Any CPU.ActiveCfg = Debug|Any CPU
		{91F9ACA7-CD54-43AB-90DC-CE5EBCC2310B}.Debug|Any CPU.Build.0 = Debug|Any CPU
		{91F9ACA7-CD54-43AB-90DC-CE5EBCC2310B}.Release|Any CPU.ActiveCfg = Release|Any CPU
		{91F9ACA7-CD54-43AB-90DC-CE5EBCC2310B}.Release|Any CPU.Build.0 = Release|Any CPU
		{F3783D67-0D7D-4B59-B6A7-B83836C89FAA}.Debug|Any CPU.ActiveCfg = Debug|Any CPU
		{F3783D67-0D7D-4B59-B6A7-B83836C89FAA}.Debug|Any CPU.Build.0 = Debug|Any CPU
		{F3783D67-0D7D-4B59-B6A7-B83836C89FAA}.Release|Any CPU.ActiveCfg = Release|Any CPU
		{F3783D67-0D7D-4B59-B6A7-B83836C89FAA}.Release|Any CPU.Build.0 = Release|Any CPU
		{249557A1-22C9-4E20-91F0-83377BE266EE}.Debug|Any CPU.ActiveCfg = Debug|Any CPU
		{249557A1-22C9-4E20-91F0-83377BE266EE}.Debug|Any CPU.Build.0 = Debug|Any CPU
		{249557A1-22C9-4E20-91F0-83377BE266EE}.Release|Any CPU.ActiveCfg = Release|Any CPU
		{249557A1-22C9-4E20-91F0-83377BE266EE}.Release|Any CPU.Build.0 = Release|Any CPU
		{1863926E-4F98-4B37-8F20-AE1ECFD5FFA3}.Debug|Any CPU.ActiveCfg = Debug|Any CPU
		{1863926E-4F98-4B37-8F20-AE1ECFD5FFA3}.Debug|Any CPU.Build.0 = Debug|Any CPU
		{1863926E-4F98-4B37-8F20-AE1ECFD5FFA3}.Release|Any CPU.ActiveCfg = Release|Any CPU
		{1863926E-4F98-4B37-8F20-AE1ECFD5FFA3}.Release|Any CPU.Build.0 = Release|Any CPU
		{A7B10D87-0F2E-462B-8B60-5E6BAB2FEBB7}.Debug|Any CPU.ActiveCfg = Debug|Any CPU
		{A7B10D87-0F2E-462B-8B60-5E6BAB2FEBB7}.Debug|Any CPU.Build.0 = Debug|Any CPU
		{A7B10D87-0F2E-462B-8B60-5E6BAB2FEBB7}.Release|Any CPU.ActiveCfg = Release|Any CPU
		{A7B10D87-0F2E-462B-8B60-5E6BAB2FEBB7}.Release|Any CPU.Build.0 = Release|Any CPU
		{B8F5196A-B24F-455E-A8F7-30EE105D2902}.Debug|Any CPU.ActiveCfg = Debug|Any CPU
		{B8F5196A-B24F-455E-A8F7-30EE105D2902}.Debug|Any CPU.Build.0 = Debug|Any CPU
		{B8F5196A-B24F-455E-A8F7-30EE105D2902}.Release|Any CPU.ActiveCfg = Release|Any CPU
		{B8F5196A-B24F-455E-A8F7-30EE105D2902}.Release|Any CPU.Build.0 = Release|Any CPU
		{070B1F67-1E5C-468E-88A3-45F09B6565A6}.Debug|Any CPU.ActiveCfg = Debug|Any CPU
		{070B1F67-1E5C-468E-88A3-45F09B6565A6}.Debug|Any CPU.Build.0 = Debug|Any CPU
		{070B1F67-1E5C-468E-88A3-45F09B6565A6}.Release|Any CPU.ActiveCfg = Release|Any CPU
		{070B1F67-1E5C-468E-88A3-45F09B6565A6}.Release|Any CPU.Build.0 = Release|Any CPU
		{BDEC1B66-1FE7-484B-B222-CC8C7AD0B960}.Debug|Any CPU.ActiveCfg = Debug|Any CPU
		{BDEC1B66-1FE7-484B-B222-CC8C7AD0B960}.Debug|Any CPU.Build.0 = Debug|Any CPU
		{BDEC1B66-1FE7-484B-B222-CC8C7AD0B960}.Release|Any CPU.ActiveCfg = Release|Any CPU
		{BDEC1B66-1FE7-484B-B222-CC8C7AD0B960}.Release|Any CPU.Build.0 = Release|Any CPU
		{0B2EBB93-ADB7-4FD2-B316-99A8B1587CBC}.Debug|Any CPU.ActiveCfg = Debug|Any CPU
		{0B2EBB93-ADB7-4FD2-B316-99A8B1587CBC}.Debug|Any CPU.Build.0 = Debug|Any CPU
		{0B2EBB93-ADB7-4FD2-B316-99A8B1587CBC}.Release|Any CPU.ActiveCfg = Release|Any CPU
		{0B2EBB93-ADB7-4FD2-B316-99A8B1587CBC}.Release|Any CPU.Build.0 = Release|Any CPU
		{3E582E58-B838-4624-9F71-3DEBF4B8F713}.Debug|Any CPU.ActiveCfg = Debug|Any CPU
		{3E582E58-B838-4624-9F71-3DEBF4B8F713}.Debug|Any CPU.Build.0 = Debug|Any CPU
		{3E582E58-B838-4624-9F71-3DEBF4B8F713}.Release|Any CPU.ActiveCfg = Release|Any CPU
		{3E582E58-B838-4624-9F71-3DEBF4B8F713}.Release|Any CPU.Build.0 = Release|Any CPU
		{AAA15591-C114-4A87-8BDA-76573CD4B12D}.Debug|Any CPU.ActiveCfg = Debug|Any CPU
		{AAA15591-C114-4A87-8BDA-76573CD4B12D}.Debug|Any CPU.Build.0 = Debug|Any CPU
		{AAA15591-C114-4A87-8BDA-76573CD4B12D}.Release|Any CPU.ActiveCfg = Release|Any CPU
		{AAA15591-C114-4A87-8BDA-76573CD4B12D}.Release|Any CPU.Build.0 = Release|Any CPU
		{402F37C4-104A-4930-8EDB-8D6FC6EC6B23}.Debug|Any CPU.ActiveCfg = Debug|Any CPU
		{402F37C4-104A-4930-8EDB-8D6FC6EC6B23}.Debug|Any CPU.Build.0 = Debug|Any CPU
		{402F37C4-104A-4930-8EDB-8D6FC6EC6B23}.Release|Any CPU.ActiveCfg = Release|Any CPU
		{402F37C4-104A-4930-8EDB-8D6FC6EC6B23}.Release|Any CPU.Build.0 = Release|Any CPU
		{8BAD155F-C95D-47FC-940D-7F66110909CA}.Debug|Any CPU.ActiveCfg = Debug|Any CPU
		{8BAD155F-C95D-47FC-940D-7F66110909CA}.Debug|Any CPU.Build.0 = Debug|Any CPU
		{8BAD155F-C95D-47FC-940D-7F66110909CA}.Release|Any CPU.ActiveCfg = Release|Any CPU
		{8BAD155F-C95D-47FC-940D-7F66110909CA}.Release|Any CPU.Build.0 = Release|Any CPU
		{04A825EE-0F41-4C36-90DA-5A12E12A3EF8}.Debug|Any CPU.ActiveCfg = Debug|Any CPU
		{04A825EE-0F41-4C36-90DA-5A12E12A3EF8}.Debug|Any CPU.Build.0 = Debug|Any CPU
		{04A825EE-0F41-4C36-90DA-5A12E12A3EF8}.Release|Any CPU.ActiveCfg = Release|Any CPU
		{04A825EE-0F41-4C36-90DA-5A12E12A3EF8}.Release|Any CPU.Build.0 = Release|Any CPU
		{4FA5D019-6B90-4EA0-8845-6BF4B0AA3FC2}.Debug|Any CPU.ActiveCfg = Debug|Any CPU
		{4FA5D019-6B90-4EA0-8845-6BF4B0AA3FC2}.Debug|Any CPU.Build.0 = Debug|Any CPU
		{4FA5D019-6B90-4EA0-8845-6BF4B0AA3FC2}.Release|Any CPU.ActiveCfg = Release|Any CPU
		{4FA5D019-6B90-4EA0-8845-6BF4B0AA3FC2}.Release|Any CPU.Build.0 = Release|Any CPU
	EndGlobalSection
	GlobalSection(SolutionProperties) = preSolution
		HideSolutionNode = FALSE
	EndGlobalSection
	GlobalSection(NestedProjects) = preSolution
		{91F9ACA7-CD54-43AB-90DC-CE5EBCC2310B} = {7BC3DFA5-3D8D-4F70-90AA-CABE1B5501A8}
		{F3783D67-0D7D-4B59-B6A7-B83836C89FAA} = {7BC3DFA5-3D8D-4F70-90AA-CABE1B5501A8}
		{249557A1-22C9-4E20-91F0-83377BE266EE} = {C5FC29CA-B21E-4359-96E0-01034BEA4681}
		{1863926E-4F98-4B37-8F20-AE1ECFD5FFA3} = {C5FC29CA-B21E-4359-96E0-01034BEA4681}
		{A7B10D87-0F2E-462B-8B60-5E6BAB2FEBB7} = {40AB9151-473B-4697-9A47-B36DE00FDC32}
		{B8F5196A-B24F-455E-A8F7-30EE105D2902} = {40AB9151-473B-4697-9A47-B36DE00FDC32}
		{070B1F67-1E5C-468E-88A3-45F09B6565A6} = {95FA901B-7CF1-4592-8DDC-4D0682E5C6E6}
		{BDEC1B66-1FE7-484B-B222-CC8C7AD0B960} = {95FA901B-7CF1-4592-8DDC-4D0682E5C6E6}
		{C5FC29CA-B21E-4359-96E0-01034BEA4681} = {1329732E-5EB4-4AF3-94F7-6527BE179602}
		{95FA901B-7CF1-4592-8DDC-4D0682E5C6E6} = {1329732E-5EB4-4AF3-94F7-6527BE179602}
		{40AB9151-473B-4697-9A47-B36DE00FDC32} = {1329732E-5EB4-4AF3-94F7-6527BE179602}
		{0B2EBB93-ADB7-4FD2-B316-99A8B1587CBC} = {7BC3DFA5-3D8D-4F70-90AA-CABE1B5501A8}
		{3E582E58-B838-4624-9F71-3DEBF4B8F713} = {9F9729BA-CC4D-42B7-AC8D-F5278DAE10D8}
		{AAA15591-C114-4A87-8BDA-76573CD4B12D} = {9F9729BA-CC4D-42B7-AC8D-F5278DAE10D8}
		{402F37C4-104A-4930-8EDB-8D6FC6EC6B23} = {2C49CA4A-700D-4D51-B98A-7A95991DB1F6}
		{8BAD155F-C95D-47FC-940D-7F66110909CA} = {2C49CA4A-700D-4D51-B98A-7A95991DB1F6}
		{04A825EE-0F41-4C36-90DA-5A12E12A3EF8} = {2C49CA4A-700D-4D51-B98A-7A95991DB1F6}
		{4FA5D019-6B90-4EA0-8845-6BF4B0AA3FC2} = {2C49CA4A-700D-4D51-B98A-7A95991DB1F6}
		{2C49CA4A-700D-4D51-B98A-7A95991DB1F6} = {2FDCC1CD-9303-46B3-B95F-B9855EF4D27F}
		{9F9729BA-CC4D-42B7-AC8D-F5278DAE10D8} = {2FDCC1CD-9303-46B3-B95F-B9855EF4D27F}
	EndGlobalSection
	GlobalSection(ExtensibilityGlobals) = postSolution
		SolutionGuid = {BE5DA413-B39A-4153-9363-FCFA199FB7A8}
	EndGlobalSection
EndGlobal
